// !$*UTF8*$!
{
	archiveVersion = 1;
	classes = {
	};
	objectVersion = 56;
	objects = {

/* Begin PBXBuildFile section */
		821E74D4DCA54AA8F3234B4A /* Pods_SwiftProjectStructure.framework in Frameworks */ = {isa = PBXBuildFile; fileRef = 6568F1E4B0EE84BEA956D9DA /* Pods_SwiftProjectStructure.framework */; };
		87B3350A29EF87BB00516850 /* AppDelegate.swift in Sources */ = {isa = PBXBuildFile; fileRef = 87B3350929EF87BB00516850 /* AppDelegate.swift */; };
		87B3350E29EF87BB00516850 /* ViewController.swift in Sources */ = {isa = PBXBuildFile; fileRef = 87B3350D29EF87BB00516850 /* ViewController.swift */; };
		87B3351129EF87BB00516850 /* Main.storyboard in Resources */ = {isa = PBXBuildFile; fileRef = 87B3350F29EF87BB00516850 /* Main.storyboard */; };
		87B3351329EF87BD00516850 /* Assets.xcassets in Resources */ = {isa = PBXBuildFile; fileRef = 87B3351229EF87BD00516850 /* Assets.xcassets */; };
		87B3351629EF87BD00516850 /* LaunchScreen.storyboard in Resources */ = {isa = PBXBuildFile; fileRef = 87B3351429EF87BD00516850 /* LaunchScreen.storyboard */; };
		87B3352029EF8FF600516850 /* DuWrapper.swift in Sources */ = {isa = PBXBuildFile; fileRef = 87B3351F29EF8FF600516850 /* DuWrapper.swift */; };
		87B3352429EF909C00516850 /* LocalDataUtils.swift in Sources */ = {isa = PBXBuildFile; fileRef = 87B3352329EF909C00516850 /* LocalDataUtils.swift */; };
		87B3352629EF92E800516850 /* Date+Du.swift in Sources */ = {isa = PBXBuildFile; fileRef = 87B3352529EF92E800516850 /* Date+Du.swift */; };
		87B3352829EF963400516850 /* String+Du.swift in Sources */ = {isa = PBXBuildFile; fileRef = 87B3352729EF963400516850 /* String+Du.swift */; };
		87B3352A29EF968500516850 /* Character+Du.swift in Sources */ = {isa = PBXBuildFile; fileRef = 87B3352929EF968500516850 /* Character+Du.swift */; };
		87B3352C29EF96FE00516850 /* Color+Du.swift in Sources */ = {isa = PBXBuildFile; fileRef = 87B3352B29EF96FE00516850 /* Color+Du.swift */; };
		87B3352E29EFB83300516850 /* UIImage+Du.swift in Sources */ = {isa = PBXBuildFile; fileRef = 87B3352D29EFB83300516850 /* UIImage+Du.swift */; };
		87B3353029EFB85200516850 /* UIViewController+Du.swift in Sources */ = {isa = PBXBuildFile; fileRef = 87B3352F29EFB85200516850 /* UIViewController+Du.swift */; };
		87B3353229EFB87700516850 /* UIWindow+Du.swift in Sources */ = {isa = PBXBuildFile; fileRef = 87B3353129EFB87700516850 /* UIWindow+Du.swift */; };
		87B3353529EFB8CE00516850 /* UIInsetLabel.swift in Sources */ = {isa = PBXBuildFile; fileRef = 87B3353429EFB8CE00516850 /* UIInsetLabel.swift */; };
		87B3353829EFB92100516850 /* DeviceUtils.swift in Sources */ = {isa = PBXBuildFile; fileRef = 87B3353729EFB92100516850 /* DeviceUtils.swift */; };
		87B3353D29EFB99D00516850 /* EnvironmentManager.swift in Sources */ = {isa = PBXBuildFile; fileRef = 87B3353929EFB99C00516850 /* EnvironmentManager.swift */; };
		87B3353E29EFB99D00516850 /* EnvironmentSelector.swift in Sources */ = {isa = PBXBuildFile; fileRef = 87B3353A29EFB99C00516850 /* EnvironmentSelector.swift */; };
		87B3353F29EFB99D00516850 /* Environments.swift in Sources */ = {isa = PBXBuildFile; fileRef = 87B3353B29EFB99C00516850 /* Environments.swift */; };
		87B3354029EFB99D00516850 /* EnvironmentFloatView.swift in Sources */ = {isa = PBXBuildFile; fileRef = 87B3353C29EFB99D00516850 /* EnvironmentFloatView.swift */; };
/* End PBXBuildFile section */

/* Begin PBXFileReference section */
		346F2C29910735D24576E6B7 /* Pods-SwiftProjectStructure.debug.xcconfig */ = {isa = PBXFileReference; includeInIndex = 1; lastKnownFileType = text.xcconfig; name = "Pods-SwiftProjectStructure.debug.xcconfig"; path = "Target Support Files/Pods-SwiftProjectStructure/Pods-SwiftProjectStructure.debug.xcconfig"; sourceTree = "<group>"; };
		6568F1E4B0EE84BEA956D9DA /* Pods_SwiftProjectStructure.framework */ = {isa = PBXFileReference; explicitFileType = wrapper.framework; includeInIndex = 0; path = Pods_SwiftProjectStructure.framework; sourceTree = BUILT_PRODUCTS_DIR; };
		87B3350629EF87BB00516850 /* SwiftProjectStructure.app */ = {isa = PBXFileReference; explicitFileType = wrapper.application; includeInIndex = 0; path = SwiftProjectStructure.app; sourceTree = BUILT_PRODUCTS_DIR; };
		87B3350929EF87BB00516850 /* AppDelegate.swift */ = {isa = PBXFileReference; lastKnownFileType = sourcecode.swift; path = AppDelegate.swift; sourceTree = "<group>"; };
		87B3350D29EF87BB00516850 /* ViewController.swift */ = {isa = PBXFileReference; lastKnownFileType = sourcecode.swift; path = ViewController.swift; sourceTree = "<group>"; };
		87B3351029EF87BB00516850 /* Base */ = {isa = PBXFileReference; lastKnownFileType = file.storyboard; name = Base; path = Base.lproj/Main.storyboard; sourceTree = "<group>"; };
		87B3351229EF87BD00516850 /* Assets.xcassets */ = {isa = PBXFileReference; lastKnownFileType = folder.assetcatalog; path = Assets.xcassets; sourceTree = "<group>"; };
		87B3351529EF87BD00516850 /* Base */ = {isa = PBXFileReference; lastKnownFileType = file.storyboard; name = Base; path = Base.lproj/LaunchScreen.storyboard; sourceTree = "<group>"; };
		87B3351729EF87BD00516850 /* Info.plist */ = {isa = PBXFileReference; lastKnownFileType = text.plist.xml; path = Info.plist; sourceTree = "<group>"; };
		87B3351F29EF8FF600516850 /* DuWrapper.swift */ = {isa = PBXFileReference; lastKnownFileType = sourcecode.swift; path = DuWrapper.swift; sourceTree = "<group>"; };
		87B3352329EF909C00516850 /* LocalDataUtils.swift */ = {isa = PBXFileReference; lastKnownFileType = sourcecode.swift; path = LocalDataUtils.swift; sourceTree = "<group>"; };
		87B3352529EF92E800516850 /* Date+Du.swift */ = {isa = PBXFileReference; lastKnownFileType = sourcecode.swift; path = "Date+Du.swift"; sourceTree = "<group>"; };
		87B3352729EF963400516850 /* String+Du.swift */ = {isa = PBXFileReference; lastKnownFileType = sourcecode.swift; path = "String+Du.swift"; sourceTree = "<group>"; };
		87B3352929EF968500516850 /* Character+Du.swift */ = {isa = PBXFileReference; fileEncoding = 4; lastKnownFileType = sourcecode.swift; path = "Character+Du.swift"; sourceTree = "<group>"; };
		87B3352B29EF96FE00516850 /* Color+Du.swift */ = {isa = PBXFileReference; lastKnownFileType = sourcecode.swift; path = "Color+Du.swift"; sourceTree = "<group>"; };
		87B3352D29EFB83300516850 /* UIImage+Du.swift */ = {isa = PBXFileReference; lastKnownFileType = sourcecode.swift; path = "UIImage+Du.swift"; sourceTree = "<group>"; };
		87B3352F29EFB85200516850 /* UIViewController+Du.swift */ = {isa = PBXFileReference; lastKnownFileType = sourcecode.swift; path = "UIViewController+Du.swift"; sourceTree = "<group>"; };
		87B3353129EFB87700516850 /* UIWindow+Du.swift */ = {isa = PBXFileReference; lastKnownFileType = sourcecode.swift; path = "UIWindow+Du.swift"; sourceTree = "<group>"; };
		87B3353429EFB8CE00516850 /* UIInsetLabel.swift */ = {isa = PBXFileReference; lastKnownFileType = sourcecode.swift; path = UIInsetLabel.swift; sourceTree = "<group>"; };
		87B3353729EFB92100516850 /* DeviceUtils.swift */ = {isa = PBXFileReference; lastKnownFileType = sourcecode.swift; path = DeviceUtils.swift; sourceTree = "<group>"; };
		87B3353929EFB99C00516850 /* EnvironmentManager.swift */ = {isa = PBXFileReference; fileEncoding = 4; lastKnownFileType = sourcecode.swift; path = EnvironmentManager.swift; sourceTree = "<group>"; };
		87B3353A29EFB99C00516850 /* EnvironmentSelector.swift */ = {isa = PBXFileReference; fileEncoding = 4; lastKnownFileType = sourcecode.swift; path = EnvironmentSelector.swift; sourceTree = "<group>"; };
		87B3353B29EFB99C00516850 /* Environments.swift */ = {isa = PBXFileReference; fileEncoding = 4; lastKnownFileType = sourcecode.swift; path = Environments.swift; sourceTree = "<group>"; };
		87B3353C29EFB99D00516850 /* EnvironmentFloatView.swift */ = {isa = PBXFileReference; fileEncoding = 4; lastKnownFileType = sourcecode.swift; path = EnvironmentFloatView.swift; sourceTree = "<group>"; };
		9D7B1D0FED829E12B2242F00 /* Pods-SwiftProjectStructure.release.xcconfig */ = {isa = PBXFileReference; includeInIndex = 1; lastKnownFileType = text.xcconfig; name = "Pods-SwiftProjectStructure.release.xcconfig"; path = "Target Support Files/Pods-SwiftProjectStructure/Pods-SwiftProjectStructure.release.xcconfig"; sourceTree = "<group>"; };
/* End PBXFileReference section */

/* Begin PBXFrameworksBuildPhase section */
		87B3350329EF87BB00516850 /* Frameworks */ = {
			isa = PBXFrameworksBuildPhase;
			buildActionMask = 2147483647;
			files = (
				821E74D4DCA54AA8F3234B4A /* Pods_SwiftProjectStructure.framework in Frameworks */,
			);
			runOnlyForDeploymentPostprocessing = 0;
		};
/* End PBXFrameworksBuildPhase section */

/* Begin PBXGroup section */
		87B334FD29EF87BB00516850 = {
			isa = PBXGroup;
			children = (
				87B3350829EF87BB00516850 /* SwiftProjectStructure */,
				87B3350729EF87BB00516850 /* Products */,
				E40F9BAD798D6B0D04852039 /* Pods */,
				8F20CDF2F777086A1A2FED95 /* Frameworks */,
			);
			sourceTree = "<group>";
		};
		87B3350729EF87BB00516850 /* Products */ = {
			isa = PBXGroup;
			children = (
				87B3350629EF87BB00516850 /* SwiftProjectStructure.app */,
			);
			name = Products;
			sourceTree = "<group>";
		};
		87B3350829EF87BB00516850 /* SwiftProjectStructure */ = {
			isa = PBXGroup;
			children = (
				87B3350929EF87BB00516850 /* AppDelegate.swift */,
				87B3350D29EF87BB00516850 /* ViewController.swift */,
				87B3351D29EF8F4600516850 /* New Group */,
				87B3350F29EF87BB00516850 /* Main.storyboard */,
				87B3351229EF87BD00516850 /* Assets.xcassets */,
				87B3351429EF87BD00516850 /* LaunchScreen.storyboard */,
				87B3351729EF87BD00516850 /* Info.plist */,
			);
			path = SwiftProjectStructure;
			sourceTree = "<group>";
		};
		87B3351D29EF8F4600516850 /* New Group */ = {
			isa = PBXGroup;
			children = (
				87B3353629EFB8F100516850 /* Environment */,
				87B3353329EFB8AE00516850 /* CustomUI */,
				87B3352229EF908500516850 /* Utils */,
				87B3352129EF906D00516850 /* Extensions */,
				87B3351E29EF8F5400516850 /* Core */,
			);
			path = "New Group";
			sourceTree = "<group>";
		};
		87B3351E29EF8F5400516850 /* Core */ = {
			isa = PBXGroup;
			children = (
				87B3351F29EF8FF600516850 /* DuWrapper.swift */,
			);
			path = Core;
			sourceTree = "<group>";
		};
		87B3352129EF906D00516850 /* Extensions */ = {
			isa = PBXGroup;
			children = (
				87B3352929EF968500516850 /* Character+Du.swift */,
				87B3352529EF92E800516850 /* Date+Du.swift */,
				87B3352729EF963400516850 /* String+Du.swift */,
				87B3352B29EF96FE00516850 /* Color+Du.swift */,
				87B3352D29EFB83300516850 /* UIImage+Du.swift */,
				87B3352F29EFB85200516850 /* UIViewController+Du.swift */,
				87B3353129EFB87700516850 /* UIWindow+Du.swift */,
			);
			path = Extensions;
			sourceTree = "<group>";
		};
		87B3352229EF908500516850 /* Utils */ = {
			isa = PBXGroup;
			children = (
				87B3353729EFB92100516850 /* DeviceUtils.swift */,
				87B3352329EF909C00516850 /* LocalDataUtils.swift */,
			);
			path = Utils;
			sourceTree = "<group>";
		};
		87B3353329EFB8AE00516850 /* CustomUI */ = {
			isa = PBXGroup;
			children = (
				87B3353429EFB8CE00516850 /* UIInsetLabel.swift */,
			);
			path = CustomUI;
			sourceTree = "<group>";
		};
		87B3353629EFB8F100516850 /* Environment */ = {
			isa = PBXGroup;
			children = (
				87B3353C29EFB99D00516850 /* EnvironmentFloatView.swift */,
				87B3353929EFB99C00516850 /* EnvironmentManager.swift */,
				87B3353B29EFB99C00516850 /* Environments.swift */,
				87B3353A29EFB99C00516850 /* EnvironmentSelector.swift */,
			);
			path = Environment;
			sourceTree = "<group>";
		};
		8F20CDF2F777086A1A2FED95 /* Frameworks */ = {
			isa = PBXGroup;
			children = (
				6568F1E4B0EE84BEA956D9DA /* Pods_SwiftProjectStructure.framework */,
			);
			name = Frameworks;
			sourceTree = "<group>";
		};
		E40F9BAD798D6B0D04852039 /* Pods */ = {
			isa = PBXGroup;
			children = (
				346F2C29910735D24576E6B7 /* Pods-SwiftProjectStructure.debug.xcconfig */,
				9D7B1D0FED829E12B2242F00 /* Pods-SwiftProjectStructure.release.xcconfig */,
			);
			path = Pods;
			sourceTree = "<group>";
		};
/* End PBXGroup section */

/* Begin PBXNativeTarget section */
		87B3350529EF87BB00516850 /* SwiftProjectStructure */ = {
			isa = PBXNativeTarget;
			buildConfigurationList = 87B3351A29EF87BD00516850 /* Build configuration list for PBXNativeTarget "SwiftProjectStructure" */;
			buildPhases = (
				6E663ADB4328211E12C3300A /* [CP] Check Pods Manifest.lock */,
				87B3350229EF87BB00516850 /* Sources */,
				87B3350329EF87BB00516850 /* Frameworks */,
				87B3350429EF87BB00516850 /* Resources */,
				1F920749212EAE2A20857EF8 /* [CP] Embed Pods Frameworks */,
			);
			buildRules = (
			);
			dependencies = (
			);
			name = SwiftProjectStructure;
			productName = SwiftProjectStructure;
			productReference = 87B3350629EF87BB00516850 /* SwiftProjectStructure.app */;
			productType = "com.apple.product-type.application";
		};
/* End PBXNativeTarget section */

/* Begin PBXProject section */
		87B334FE29EF87BB00516850 /* Project object */ = {
			isa = PBXProject;
			attributes = {
				BuildIndependentTargetsInParallel = 1;
				LastSwiftUpdateCheck = 1430;
				LastUpgradeCheck = 1430;
				TargetAttributes = {
					87B3350529EF87BB00516850 = {
						CreatedOnToolsVersion = 14.3;
					};
				};
			};
			buildConfigurationList = 87B3350129EF87BB00516850 /* Build configuration list for PBXProject "SwiftProjectStructure" */;
			compatibilityVersion = "Xcode 14.0";
			developmentRegion = en;
			hasScannedForEncodings = 0;
			knownRegions = (
				en,
				Base,
			);
			mainGroup = 87B334FD29EF87BB00516850;
			productRefGroup = 87B3350729EF87BB00516850 /* Products */;
			projectDirPath = "";
			projectRoot = "";
			targets = (
				87B3350529EF87BB00516850 /* SwiftProjectStructure */,
			);
		};
/* End PBXProject section */

/* Begin PBXResourcesBuildPhase section */
		87B3350429EF87BB00516850 /* Resources */ = {
			isa = PBXResourcesBuildPhase;
			buildActionMask = 2147483647;
			files = (
				87B3351629EF87BD00516850 /* LaunchScreen.storyboard in Resources */,
				87B3351329EF87BD00516850 /* Assets.xcassets in Resources */,
				87B3351129EF87BB00516850 /* Main.storyboard in Resources */,
			);
			runOnlyForDeploymentPostprocessing = 0;
		};
/* End PBXResourcesBuildPhase section */

/* Begin PBXShellScriptBuildPhase section */
		1F920749212EAE2A20857EF8 /* [CP] Embed Pods Frameworks */ = {
			isa = PBXShellScriptBuildPhase;
			buildActionMask = 2147483647;
			files = (
			);
			inputFileListPaths = (
				"${PODS_ROOT}/Target Support Files/Pods-SwiftProjectStructure/Pods-SwiftProjectStructure-frameworks-${CONFIGURATION}-input-files.xcfilelist",
			);
			name = "[CP] Embed Pods Frameworks";
			outputFileListPaths = (
				"${PODS_ROOT}/Target Support Files/Pods-SwiftProjectStructure/Pods-SwiftProjectStructure-frameworks-${CONFIGURATION}-output-files.xcfilelist",
			);
			runOnlyForDeploymentPostprocessing = 0;
			shellPath = /bin/sh;
			shellScript = "\"${PODS_ROOT}/Target Support Files/Pods-SwiftProjectStructure/Pods-SwiftProjectStructure-frameworks.sh\"\n";
			showEnvVarsInLog = 0;
		};
		6E663ADB4328211E12C3300A /* [CP] Check Pods Manifest.lock */ = {
			isa = PBXShellScriptBuildPhase;
			buildActionMask = 2147483647;
			files = (
			);
			inputFileListPaths = (
			);
			inputPaths = (
				"${PODS_PODFILE_DIR_PATH}/Podfile.lock",
				"${PODS_ROOT}/Manifest.lock",
			);
			name = "[CP] Check Pods Manifest.lock";
			outputFileListPaths = (
			);
			outputPaths = (
				"$(DERIVED_FILE_DIR)/Pods-SwiftProjectStructure-checkManifestLockResult.txt",
			);
			runOnlyForDeploymentPostprocessing = 0;
			shellPath = /bin/sh;
			shellScript = "diff \"${PODS_PODFILE_DIR_PATH}/Podfile.lock\" \"${PODS_ROOT}/Manifest.lock\" > /dev/null\nif [ $? != 0 ] ; then\n    # print error to STDERR\n    echo \"error: The sandbox is not in sync with the Podfile.lock. Run 'pod install' or update your CocoaPods installation.\" >&2\n    exit 1\nfi\n# This output is used by Xcode 'outputs' to avoid re-running this script phase.\necho \"SUCCESS\" > \"${SCRIPT_OUTPUT_FILE_0}\"\n";
			showEnvVarsInLog = 0;
		};
/* End PBXShellScriptBuildPhase section */

/* Begin PBXSourcesBuildPhase section */
		87B3350229EF87BB00516850 /* Sources */ = {
			isa = PBXSourcesBuildPhase;
			buildActionMask = 2147483647;
			files = (
				87B3354029EFB99D00516850 /* EnvironmentFloatView.swift in Sources */,
				87B3353829EFB92100516850 /* DeviceUtils.swift in Sources */,
				87B3350E29EF87BB00516850 /* ViewController.swift in Sources */,
				87B3352829EF963400516850 /* String+Du.swift in Sources */,
				87B3353529EFB8CE00516850 /* UIInsetLabel.swift in Sources */,
				87B3352429EF909C00516850 /* LocalDataUtils.swift in Sources */,
				87B3353F29EFB99D00516850 /* Environments.swift in Sources */,
				87B3353D29EFB99D00516850 /* EnvironmentManager.swift in Sources */,
				87B3352A29EF968500516850 /* Character+Du.swift in Sources */,
				87B3352C29EF96FE00516850 /* Color+Du.swift in Sources */,
				87B3352E29EFB83300516850 /* UIImage+Du.swift in Sources */,
				87B3353229EFB87700516850 /* UIWindow+Du.swift in Sources */,
				87B3352029EF8FF600516850 /* DuWrapper.swift in Sources */,
				87B3350A29EF87BB00516850 /* AppDelegate.swift in Sources */,
				87B3352629EF92E800516850 /* Date+Du.swift in Sources */,
				87B3353029EFB85200516850 /* UIViewController+Du.swift in Sources */,
				87B3353E29EFB99D00516850 /* EnvironmentSelector.swift in Sources */,
			);
			runOnlyForDeploymentPostprocessing = 0;
		};
/* End PBXSourcesBuildPhase section */

/* Begin PBXVariantGroup section */
		87B3350F29EF87BB00516850 /* Main.storyboard */ = {
			isa = PBXVariantGroup;
			children = (
				87B3351029EF87BB00516850 /* Base */,
			);
			name = Main.storyboard;
			sourceTree = "<group>";
		};
		87B3351429EF87BD00516850 /* LaunchScreen.storyboard */ = {
			isa = PBXVariantGroup;
			children = (
				87B3351529EF87BD00516850 /* Base */,
			);
			name = LaunchScreen.storyboard;
			sourceTree = "<group>";
		};
/* End PBXVariantGroup section */

/* Begin XCBuildConfiguration section */
		87B3351829EF87BD00516850 /* Debug */ = {
			isa = XCBuildConfiguration;
			buildSettings = {
				ALWAYS_SEARCH_USER_PATHS = NO;
				CLANG_ANALYZER_NONNULL = YES;
				CLANG_ANALYZER_NUMBER_OBJECT_CONVERSION = YES_AGGRESSIVE;
				CLANG_CXX_LANGUAGE_STANDARD = "gnu++20";
				CLANG_ENABLE_MODULES = YES;
				CLANG_ENABLE_OBJC_ARC = YES;
				CLANG_ENABLE_OBJC_WEAK = YES;
				CLANG_WARN_BLOCK_CAPTURE_AUTORELEASING = YES;
				CLANG_WARN_BOOL_CONVERSION = YES;
				CLANG_WARN_COMMA = YES;
				CLANG_WARN_CONSTANT_CONVERSION = YES;
				CLANG_WARN_DEPRECATED_OBJC_IMPLEMENTATIONS = YES;
				CLANG_WARN_DIRECT_OBJC_ISA_USAGE = YES_ERROR;
				CLANG_WARN_DOCUMENTATION_COMMENTS = YES;
				CLANG_WARN_EMPTY_BODY = YES;
				CLANG_WARN_ENUM_CONVERSION = YES;
				CLANG_WARN_INFINITE_RECURSION = YES;
				CLANG_WARN_INT_CONVERSION = YES;
				CLANG_WARN_NON_LITERAL_NULL_CONVERSION = YES;
				CLANG_WARN_OBJC_IMPLICIT_RETAIN_SELF = YES;
				CLANG_WARN_OBJC_LITERAL_CONVERSION = YES;
				CLANG_WARN_OBJC_ROOT_CLASS = YES_ERROR;
				CLANG_WARN_QUOTED_INCLUDE_IN_FRAMEWORK_HEADER = YES;
				CLANG_WARN_RANGE_LOOP_ANALYSIS = YES;
				CLANG_WARN_STRICT_PROTOTYPES = YES;
				CLANG_WARN_SUSPICIOUS_MOVE = YES;
				CLANG_WARN_UNGUARDED_AVAILABILITY = YES_AGGRESSIVE;
				CLANG_WARN_UNREACHABLE_CODE = YES;
				CLANG_WARN__DUPLICATE_METHOD_MATCH = YES;
				COPY_PHASE_STRIP = NO;
				DEBUG_INFORMATION_FORMAT = dwarf;
				ENABLE_STRICT_OBJC_MSGSEND = YES;
				ENABLE_TESTABILITY = YES;
				GCC_C_LANGUAGE_STANDARD = gnu11;
				GCC_DYNAMIC_NO_PIC = NO;
				GCC_NO_COMMON_BLOCKS = YES;
				GCC_OPTIMIZATION_LEVEL = 0;
				GCC_PREPROCESSOR_DEFINITIONS = (
					"DEBUG=1",
					"$(inherited)",
				);
				GCC_WARN_64_TO_32_BIT_CONVERSION = YES;
				GCC_WARN_ABOUT_RETURN_TYPE = YES_ERROR;
				GCC_WARN_UNDECLARED_SELECTOR = YES;
				GCC_WARN_UNINITIALIZED_AUTOS = YES_AGGRESSIVE;
				GCC_WARN_UNUSED_FUNCTION = YES;
				GCC_WARN_UNUSED_VARIABLE = YES;
				IPHONEOS_DEPLOYMENT_TARGET = 16.4;
				MTL_ENABLE_DEBUG_INFO = INCLUDE_SOURCE;
				MTL_FAST_MATH = YES;
				ONLY_ACTIVE_ARCH = YES;
				SDKROOT = iphoneos;
				SWIFT_ACTIVE_COMPILATION_CONDITIONS = DEBUG;
				SWIFT_OPTIMIZATION_LEVEL = "-Onone";
			};
			name = Debug;
		};
		87B3351929EF87BD00516850 /* Release */ = {
			isa = XCBuildConfiguration;
			buildSettings = {
				ALWAYS_SEARCH_USER_PATHS = NO;
				CLANG_ANALYZER_NONNULL = YES;
				CLANG_ANALYZER_NUMBER_OBJECT_CONVERSION = YES_AGGRESSIVE;
				CLANG_CXX_LANGUAGE_STANDARD = "gnu++20";
				CLANG_ENABLE_MODULES = YES;
				CLANG_ENABLE_OBJC_ARC = YES;
				CLANG_ENABLE_OBJC_WEAK = YES;
				CLANG_WARN_BLOCK_CAPTURE_AUTORELEASING = YES;
				CLANG_WARN_BOOL_CONVERSION = YES;
				CLANG_WARN_COMMA = YES;
				CLANG_WARN_CONSTANT_CONVERSION = YES;
				CLANG_WARN_DEPRECATED_OBJC_IMPLEMENTATIONS = YES;
				CLANG_WARN_DIRECT_OBJC_ISA_USAGE = YES_ERROR;
				CLANG_WARN_DOCUMENTATION_COMMENTS = YES;
				CLANG_WARN_EMPTY_BODY = YES;
				CLANG_WARN_ENUM_CONVERSION = YES;
				CLANG_WARN_INFINITE_RECURSION = YES;
				CLANG_WARN_INT_CONVERSION = YES;
				CLANG_WARN_NON_LITERAL_NULL_CONVERSION = YES;
				CLANG_WARN_OBJC_IMPLICIT_RETAIN_SELF = YES;
				CLANG_WARN_OBJC_LITERAL_CONVERSION = YES;
				CLANG_WARN_OBJC_ROOT_CLASS = YES_ERROR;
				CLANG_WARN_QUOTED_INCLUDE_IN_FRAMEWORK_HEADER = YES;
				CLANG_WARN_RANGE_LOOP_ANALYSIS = YES;
				CLANG_WARN_STRICT_PROTOTYPES = YES;
				CLANG_WARN_SUSPICIOUS_MOVE = YES;
				CLANG_WARN_UNGUARDED_AVAILABILITY = YES_AGGRESSIVE;
				CLANG_WARN_UNREACHABLE_CODE = YES;
				CLANG_WARN__DUPLICATE_METHOD_MATCH = YES;
				COPY_PHASE_STRIP = NO;
				DEBUG_INFORMATION_FORMAT = "dwarf-with-dsym";
				ENABLE_NS_ASSERTIONS = NO;
				ENABLE_STRICT_OBJC_MSGSEND = YES;
				GCC_C_LANGUAGE_STANDARD = gnu11;
				GCC_NO_COMMON_BLOCKS = YES;
				GCC_WARN_64_TO_32_BIT_CONVERSION = YES;
				GCC_WARN_ABOUT_RETURN_TYPE = YES_ERROR;
				GCC_WARN_UNDECLARED_SELECTOR = YES;
				GCC_WARN_UNINITIALIZED_AUTOS = YES_AGGRESSIVE;
				GCC_WARN_UNUSED_FUNCTION = YES;
				GCC_WARN_UNUSED_VARIABLE = YES;
				IPHONEOS_DEPLOYMENT_TARGET = 16.4;
				MTL_ENABLE_DEBUG_INFO = NO;
				MTL_FAST_MATH = YES;
				SDKROOT = iphoneos;
				SWIFT_COMPILATION_MODE = wholemodule;
				SWIFT_OPTIMIZATION_LEVEL = "-O";
				VALIDATE_PRODUCT = YES;
			};
			name = Release;
		};
		87B3351B29EF87BD00516850 /* Debug */ = {
			isa = XCBuildConfiguration;
			baseConfigurationReference = 346F2C29910735D24576E6B7 /* Pods-SwiftProjectStructure.debug.xcconfig */;
			buildSettings = {
				ASSETCATALOG_COMPILER_APPICON_NAME = AppIcon;
				ASSETCATALOG_COMPILER_GLOBAL_ACCENT_COLOR_NAME = AccentColor;
				CODE_SIGN_STYLE = Automatic;
				CURRENT_PROJECT_VERSION = 1;
				DEVELOPMENT_TEAM = 44LEMGWV5S;
				GENERATE_INFOPLIST_FILE = YES;
				INFOPLIST_FILE = SwiftProjectStructure/Info.plist;
				INFOPLIST_KEY_UIApplicationSupportsIndirectInputEvents = YES;
				INFOPLIST_KEY_UILaunchStoryboardName = LaunchScreen;
				INFOPLIST_KEY_UIMainStoryboardFile = Main;
				INFOPLIST_KEY_UISupportedInterfaceOrientations_iPad = "UIInterfaceOrientationPortrait UIInterfaceOrientationPortraitUpsideDown UIInterfaceOrientationLandscapeLeft UIInterfaceOrientationLandscapeRight";
				INFOPLIST_KEY_UISupportedInterfaceOrientations_iPhone = "UIInterfaceOrientationPortrait UIInterfaceOrientationLandscapeLeft UIInterfaceOrientationLandscapeRight";
				IPHONEOS_DEPLOYMENT_TARGET = 11.0;
				LD_RUNPATH_SEARCH_PATHS = (
					"$(inherited)",
					"@executable_path/Frameworks",
				);
				MARKETING_VERSION = 1.0;
				PRODUCT_BUNDLE_IDENTIFIER = com.duarlen.SwiftProjectStructure;
				PRODUCT_NAME = "$(TARGET_NAME)";
				SWIFT_EMIT_LOC_STRINGS = YES;
				SWIFT_VERSION = 5.0;
				TARGETED_DEVICE_FAMILY = "1,2";
			};
			name = Debug;
		};
		87B3351C29EF87BD00516850 /* Release */ = {
			isa = XCBuildConfiguration;
			baseConfigurationReference = 9D7B1D0FED829E12B2242F00 /* Pods-SwiftProjectStructure.release.xcconfig */;
			buildSettings = {
				ASSETCATALOG_COMPILER_APPICON_NAME = AppIcon;
				ASSETCATALOG_COMPILER_GLOBAL_ACCENT_COLOR_NAME = AccentColor;
				CODE_SIGN_STYLE = Automatic;
				CURRENT_PROJECT_VERSION = 1;
				DEVELOPMENT_TEAM = 44LEMGWV5S;
				GENERATE_INFOPLIST_FILE = YES;
				INFOPLIST_FILE = SwiftProjectStructure/Info.plist;
				INFOPLIST_KEY_UIApplicationSupportsIndirectInputEvents = YES;
				INFOPLIST_KEY_UILaunchStoryboardName = LaunchScreen;
				INFOPLIST_KEY_UIMainStoryboardFile = Main;
				INFOPLIST_KEY_UISupportedInterfaceOrientations_iPad = "UIInterfaceOrientationPortrait UIInterfaceOrientationPortraitUpsideDown UIInterfaceOrientationLandscapeLeft UIInterfaceOrientationLandscapeRight";
				INFOPLIST_KEY_UISupportedInterfaceOrientations_iPhone = "UIInterfaceOrientationPortrait UIInterfaceOrientationLandscapeLeft UIInterfaceOrientationLandscapeRight";
				IPHONEOS_DEPLOYMENT_TARGET = 11.0;
				LD_RUNPATH_SEARCH_PATHS = (
					"$(inherited)",
					"@executable_path/Frameworks",
				);
				MARKETING_VERSION = 1.0;
				PRODUCT_BUNDLE_IDENTIFIER = com.duarlen.SwiftProjectStructure;
				PRODUCT_NAME = "$(TARGET_NAME)";
				SWIFT_EMIT_LOC_STRINGS = YES;
				SWIFT_VERSION = 5.0;
				TARGETED_DEVICE_FAMILY = "1,2";
			};
			name = Release;
		};
/* End XCBuildConfiguration section */

/* Begin XCConfigurationList section */
		87B3350129EF87BB00516850 /* Build configuration list for PBXProject "SwiftProjectStructure" */ = {
			isa = XCConfigurationList;
			buildConfigurations = (
				87B3351829EF87BD00516850 /* Debug */,
				87B3351929EF87BD00516850 /* Release */,
			);
			defaultConfigurationIsVisible = 0;
			defaultConfigurationName = Release;
		};
		87B3351A29EF87BD00516850 /* Build configuration list for PBXNativeTarget "SwiftProjectStructure" */ = {
			isa = XCConfigurationList;
			buildConfigurations = (
				87B3351B29EF87BD00516850 /* Debug */,
				87B3351C29EF87BD00516850 /* Release */,
			);
			defaultConfigurationIsVisible = 0;
			defaultConfigurationName = Release;
		};
/* End XCConfigurationList section */
	};
	rootObject = 87B334FE29EF87BB00516850 /* Project object */;
}
